
Microsoft Visual Studio Solution File, Format Version 12.00
# Visual Studio Version 17
VisualStudioVersion = 17.5.33424.131
MinimumVisualStudioVersion = 10.0.40219.1
Project("{FAE04EC0-301F-11D3-BF4B-00C04F79EFBC}") = "Day1", "AdventofCode2023\Day1.csproj", "{A6A06F26-9C79-44CB-BCF9-3C3C47D8C733}"
EndProject
Project("{FAE04EC0-301F-11D3-BF4B-00C04F79EFBC}") = "Day1_2", "Day1_2\Day1_2.csproj", "{62E1BEFE-01C0-4022-AE7B-3B25A2FA2665}"
EndProject
Project("{FAE04EC0-301F-11D3-BF4B-00C04F79EFBC}") = "Day2", "Day2\Day2.csproj", "{67D5DC41-0957-4221-A61A-EA3562B0BE34}"
EndProject
Project("{FAE04EC0-301F-11D3-BF4B-00C04F79EFBC}") = "Day2_2", "Day2_2\Day2_2.csproj", "{9BDE8B8A-B735-4B8B-9F1E-293E63A96CB6}"
EndProject
Project("{FAE04EC0-301F-11D3-BF4B-00C04F79EFBC}") = "Day3", "Day3\Day3.csproj", "{A3AEC084-89BE-4021-A0B0-AF024A68D91C}"
EndProject
Global
	GlobalSection(SolutionConfigurationPlatforms) = preSolution
		Debug|Any CPU = Debug|Any CPU
		Release|Any CPU = Release|Any CPU
	EndGlobalSection
	GlobalSection(ProjectConfigurationPlatforms) = postSolution
		{A6A06F26-9C79-44CB-BCF9-3C3C47D8C733}.Debug|Any CPU.ActiveCfg = Debug|Any CPU
		{A6A06F26-9C79-44CB-BCF9-3C3C47D8C733}.Debug|Any CPU.Build.0 = Debug|Any CPU
		{A6A06F26-9C79-44CB-BCF9-3C3C47D8C733}.Release|Any CPU.ActiveCfg = Release|Any CPU
		{A6A06F26-9C79-44CB-BCF9-3C3C47D8C733}.Release|Any CPU.Build.0 = Release|Any CPU
		{62E1BEFE-01C0-4022-AE7B-3B25A2FA2665}.Debug|Any CPU.ActiveCfg = Debug|Any CPU
		{62E1BEFE-01C0-4022-AE7B-3B25A2FA2665}.Debug|Any CPU.Build.0 = Debug|Any CPU
		{62E1BEFE-01C0-4022-AE7B-3B25A2FA2665}.Release|Any CPU.ActiveCfg = Release|Any CPU
		{62E1BEFE-01C0-4022-AE7B-3B25A2FA2665}.Release|Any CPU.Build.0 = Release|Any CPU
		{67D5DC41-0957-4221-A61A-EA3562B0BE34}.Debug|Any CPU.ActiveCfg = Debug|Any CPU
		{67D5DC41-0957-4221-A61A-EA3562B0BE34}.Debug|Any CPU.Build.0 = Debug|Any CPU
		{67D5DC41-0957-4221-A61A-EA3562B0BE34}.Release|Any CPU.ActiveCfg = Release|Any CPU
		{67D5DC41-0957-4221-A61A-EA3562B0BE34}.Release|Any CPU.Build.0 = Release|Any CPU
		{9BDE8B8A-B735-4B8B-9F1E-293E63A96CB6}.Debug|Any CPU.ActiveCfg = Debug|Any CPU
		{9BDE8B8A-B735-4B8B-9F1E-293E63A96CB6}.Debug|Any CPU.Build.0 = Debug|Any CPU
		{9BDE8B8A-B735-4B8B-9F1E-293E63A96CB6}.Release|Any CPU.ActiveCfg = Release|Any CPU
		{9BDE8B8A-B735-4B8B-9F1E-293E63A96CB6}.Release|Any CPU.Build.0 = Release|Any CPU
		{A3AEC084-89BE-4021-A0B0-AF024A68D91C}.Debug|Any CPU.ActiveCfg = Debug|Any CPU
		{A3AEC084-89BE-4021-A0B0-AF024A68D91C}.Debug|Any CPU.Build.0 = Debug|Any CPU
		{A3AEC084-89BE-4021-A0B0-AF024A68D91C}.Release|Any CPU.ActiveCfg = Release|Any CPU
		{A3AEC084-89BE-4021-A0B0-AF024A68D91C}.Release|Any CPU.Build.0 = Release|Any CPU
	EndGlobalSection
	GlobalSection(SolutionProperties) = preSolution
		HideSolutionNode = FALSE
	EndGlobalSection
	GlobalSection(ExtensibilityGlobals) = postSolution
		SolutionGuid = {F0B182A4-CACA-44A7-A26F-2923FDDBFB49}
	EndGlobalSection
EndGlobal
